dependencies:
- name: mysql
  repository: https://charts.bitnami.com/bitnami
  version: 10.2.2
- name: mongodb
  repository: https://charts.bitnami.com/bitnami
  version: 16.4.0
- name: rabbitmq
  repository: https://charts.bitnami.com/bitnami
  version: 15.0.6
- name: seaweedfs
  repository: https://seaweedfs.github.io/seaweedfs/helm
  version: 3.67.0
- name: minio
  repository: ""
  version: 0.1.0
- name: auth-o-tron
  repository: https://eccr.ecmwf.int/chartrepo/auth-o-tron
  version: 0.1.5
digest: sha256:3ccadadfd8c4f204f77354b55c5dc058b3a46be6b19f451b3c4fed47113c3c0a
generated: "2025-10-14T15:55:16.901421011Z"
