dependencies:
- name: nats
  repository: https://nats-io.github.io/k8s/helm/charts/
  version: 2.12.4
- name: bobs-chart
  repository: oci://eccr.ecmwf.int/polytope
  version: 0.1.13
- name: auth-o-tron-chart
  repository: oci://eccr.ecmwf.int/auth-o-tron
  version: 0.3.4
digest: sha256:ce89ce8b1b3d4c4db46903a3955d164cbf981e29d5657d288e6196662a913a94
generated: "2026-10-07T18:33:01.515117114+01:00"
