dependencies:
- name: mysql
  repository: https://charts.bitnami.com/bitnami
  version: 10.2.2
- name: mongodb
  repository: https://charts.bitnami.com/bitnami
  version: 16.4.0
- name: rabbitmq
  repository: https://charts.bitnami.com/bitnami
  version: 15.0.6
- name: seaweedfs
  repository: https://seaweedfs.github.io/seaweedfs/helm
  version: 3.67.0
- name: minio
  repository: ""
  version: 0.1.0
- name: auth-o-tron-chart
  repository: oci://eccr.ecmwf.int/auth-o-tron
  version: 0.3.1
digest: sha256:d855e972aa63ea09552389ec917e3638ccbe786e8f4292a2353cddc9e83f7cee
generated: "2026-04-28T10:24:21.363784865Z"
