dependencies:
- name: mysql
  repository: https://charts.bitnami.com/bitnami
  version: 10.2.2
- name: mongodb
  repository: https://charts.bitnami.com/bitnami
  version: 16.2.1
- name: seaweedfs
  repository: https://seaweedfs.github.io/seaweedfs/helm
  version: 3.67.0
- name: minio
  repository: ""
  version: 0.1.0
digest: sha256:b73a948d0f62c34e3f7c012ff4893b4edc9bf1f7ef079d17ee69ad23f760298d
generated: "2024-11-12T15:26:34.539203231Z"
