dependencies:
- name: mysql
  repository: https://charts.bitnami.com/bitnami
  version: 10.2.2
- name: mongodb
  repository: https://charts.bitnami.com/bitnami
  version: 16.2.1
- name: rabbitmq
  repository: https://charts.bitnami.com/bitnami
  version: 15.0.6
- name: seaweedfs
  repository: https://seaweedfs.github.io/seaweedfs/helm
  version: 3.67.0
- name: minio
  repository: ""
  version: 0.1.0
digest: sha256:3db4a5894ccc013f8aa813409cb2804e1cf88a0e1d3ec34ab1ced260b6d8d6ba
generated: "2024-11-14T13:26:03.035018549Z"
